<?xml version="1.0" encoding="utf-8"?>
<Project ToolsVersion="4.0" xmlns="http://schemas.microsoft.com/developer/msbuild/2003">
  <ItemGroup>
    <Filter Include="Source Files">
      <UniqueIdentifier>{4FC737F1-C7A5-4376-A066-2A32D752A2FF}</UniqueIdentifier>
      <Extensions>cpp;c;cc;cxx;c++;cppm;ixx;def;odl;idl;hpj;bat;asm;asmx</Extensions>
    </Filter>
    <Filter Include="Header Files">
      <UniqueIdentifier>{93995380-89BD-4b04-88EB-625FBE52EBFB}</UniqueIdentifier>
      <Extensions>h;hh;hpp;hxx;h++;hm;inl;inc;ipp;xsd</Extensions>
    </Filter>
    <Filter Include="Resource Files">
      <UniqueIdentifier>{67DA6AB6-F800-4c08-8B7A-83BB121AAD01}</UniqueIdentifier>
      <Extensions>rc;ico;cur;bmp;dlg;rc2;rct;bin;rgs;gif;jpg;jpeg;jpe;resx;tiff;tif;png;wav;mfcribbon-ms</Extensions>
    </Filter>
    <Filter Include="Header Files\model">
      <UniqueIdentifier>{d8ce2379-1807-4e3c-8ad2-901ed8f5f275}</UniqueIdentifier>
    </Filter>
    <Filter Include="Header Files\scene">
      <UniqueIdentifier>{f786fb0a-c04c-48e2-a1b8-ae843a782172}</UniqueIdentifier>
    </Filter>
    <Filter Include="Source Files\model">
      <UniqueIdentifier>{4aa403a2-722f-4c64-a128-d1d3e731340d}</UniqueIdentifier>
    </Filter>
    <Filter Include="Source Files\scene">
      <UniqueIdentifier>{f474ea00-ed0a-4a87-9437-6aa2022f098e}</UniqueIdentifier>
    </Filter>
    <Filter Include="Source Files\camera">
      <UniqueIdentifier>{c48b5e06-8d0b-4fc9-85d5-86be9af66dfb}</UniqueIdentifier>
    </Filter>
    <Filter Include="Header Files\camera">
      <UniqueIdentifier>{b6067767-ca4a-4532-b752-e524d2d4031a}</UniqueIdentifier>
    </Filter>
  </ItemGroup>
  <ItemGroup>
    <ClCompile Include="main.cpp">
      <Filter>Source Files</Filter>
    </ClCompile>
    <ClCompile Include="..\..\..\..\..\..\includes\glad\src\glad.c">
      <Filter>Source Files</Filter>
    </ClCompile>
    <ClCompile Include="shader.cpp">
      <Filter>Source Files</Filter>
    </ClCompile>
    <ClCompile Include="DataUtils.cpp">
      <Filter>Source Files</Filter>
    </ClCompile>
    <ClCompile Include="mesh.cpp">
      <Filter>Source Files\model</Filter>
    </ClCompile>
    <ClCompile Include="model.cpp">
      <Filter>Source Files\model</Filter>
    </ClCompile>
    <ClCompile Include="stb_image.cpp">
      <Filter>Source Files\model</Filter>
    </ClCompile>
    <ClCompile Include="TextureLoader.cpp">
      <Filter>Source Files\model</Filter>
    </ClCompile>
    <ClCompile Include="Light.cpp">
      <Filter>Source Files\scene</Filter>
    </ClCompile>
    <ClCompile Include="LightManager.cpp">
      <Filter>Source Files\scene</Filter>
    </ClCompile>
    <ClCompile Include="SceneObject.cpp">
      <Filter>Source Files\scene</Filter>
    </ClCompile>
    <ClCompile Include="camera.cpp">
      <Filter>Source Files\camera</Filter>
    </ClCompile>
    <ClCompile Include="LockedCamera.cpp">
      <Filter>Source Files\camera</Filter>
    </ClCompile>
    <ClCompile Include="CoordinateCross.cpp">
      <Filter>Source Files\camera</Filter>
    </ClCompile>
  </ItemGroup>
  <ItemGroup>
    <ClInclude Include="shader.h">
      <Filter>Header Files</Filter>
    </ClInclude>
    <ClInclude Include="DataUtils.h">
      <Filter>Header Files</Filter>
    </ClInclude>
    <ClInclude Include="mesh.h">
      <Filter>Header Files\model</Filter>
    </ClInclude>
    <ClInclude Include="model.h">
      <Filter>Header Files\model</Filter>
    </ClInclude>
    <ClInclude Include="SceneObject.h">
      <Filter>Header Files\scene</Filter>
    </ClInclude>
    <ClInclude Include="stb_image.h">
      <Filter>Header Files\model</Filter>
    </ClInclude>
    <ClInclude Include="TextureLoader.h">
      <Filter>Header Files\model</Filter>
    </ClInclude>
    <ClInclude Include="LightManager.h">
      <Filter>Header Files\scene</Filter>
    </ClInclude>
    <ClInclude Include="Light.h">
      <Filter>Header Files\scene</Filter>
    </ClInclude>
    <ClInclude Include="camera.h">
      <Filter>Header Files\camera</Filter>
    </ClInclude>
    <ClInclude Include="LockedCamera.h">
      <Filter>Header Files\camera</Filter>
    </ClInclude>
    <ClInclude Include="CoordinateCross.h">
      <Filter>Header Files\camera</Filter>
    </ClInclude>
  </ItemGroup>
  <ItemGroup>
    <None Include="shader.vs">
      <Filter>Resource Files</Filter>
    </None>
    <None Include="shader.fs">
      <Filter>Resource Files</Filter>
    </None>
    <None Include="light_source_shader.vs">
      <Filter>Resource Files</Filter>
    </None>
    <None Include="light_source_shader.fs">
      <Filter>Resource Files</Filter>
    </None>
    <None Include="lighting_shader.vs">
      <Filter>Resource Files</Filter>
    </None>
    <None Include="lighting_shader.fs">
      <Filter>Resource Files</Filter>
    </None>
  </ItemGroup>
</Project>